
Microsoft Visual Studio Solution File, Format Version 12.00
# Visual Studio Version 16
VisualStudioVersion = 16.0.31019.35
MinimumVisualStudioVersion = 10.0.40219.1
Project("{9A19103F-16F7-4668-BE54-9A1E7A4F7556}") = "CosmeticsShop.WebApp", "CosmeticsShop.WebApp\CosmeticsShop.WebApp.csproj", "{F9BD4191-E8F9-4F32-89DE-4059E5B17764}"
EndProject
Project("{9A19103F-16F7-4668-BE54-9A1E7A4F7556}") = "CosmeticsShop.Data", "CosmeticsShop\CosmeticsShop.Data.csproj", "{E673466B-B4B7-4C40-B65D-F79359A73F0C}"
EndProject
Project("{2150E333-8FDC-42A3-9474-1A3956D46DE8}") = "0.Solution Items", "0.Solution Items", "{70DCB337-0339-42EF-9C43-FFF7945B42C2}"
	ProjectSection(SolutionItems) = preProject
		README.md = README.md
	EndProjectSection
EndProject
Project("{9A19103F-16F7-4668-BE54-9A1E7A4F7556}") = "CosmeticsShop.Application", "CosmeticsShop.Application\CosmeticsShop.Application.csproj", "{A1BB54F3-7D10-419B-984B-7159579D223E}"
EndProject
Project("{9A19103F-16F7-4668-BE54-9A1E7A4F7556}") = "Cosmetics.Ultilities", "Cosmetics.Ultilities\Cosmetics.Ultilities.csproj", "{3EDBF6E6-75A5-45ED-839B-D9BA67B2021B}"
EndProject
Project("{9A19103F-16F7-4668-BE54-9A1E7A4F7556}") = "Cosmetics.ViewModels", "Cosmetics.ViewModels\Cosmetics.ViewModels.csproj", "{06D9C240-8D20-4E4D-998F-D1CD7A11E96C}"
EndProject
Project("{9A19103F-16F7-4668-BE54-9A1E7A4F7556}") = "Cosmetics.WebAPI", "Cosmetics.WebAPI\Cosmetics.WebAPI.csproj", "{D415AB02-6B66-41CF-9135-30C04E715DE1}"
EndProject
Project("{2150E333-8FDC-42A3-9474-1A3956D46DE8}") = "1.Infrastructure", "1.Infrastructure", "{F89BA2AD-29B1-44CC-B9BF-7A40CE9CB263}"
EndProject
Project("{2150E333-8FDC-42A3-9474-1A3956D46DE8}") = "2.Domain", "2.Domain", "{E707D4C6-4D4F-4B1D-9F42-AEB1FCB72554}"
EndProject
Project("{2150E333-8FDC-42A3-9474-1A3956D46DE8}") = "3.Hosting", "3.Hosting", "{32381EFA-E438-435B-ADEC-5FB46EF00AB5}"
EndProject
Global
	GlobalSection(SolutionConfigurationPlatforms) = preSolution
		Debug|Any CPU = Debug|Any CPU
		Release|Any CPU = Release|Any CPU
	EndGlobalSection
	GlobalSection(ProjectConfigurationPlatforms) = postSolution
		{F9BD4191-E8F9-4F32-89DE-4059E5B17764}.Debug|Any CPU.ActiveCfg = Debug|Any CPU
		{F9BD4191-E8F9-4F32-89DE-4059E5B17764}.Debug|Any CPU.Build.0 = Debug|Any CPU
		{F9BD4191-E8F9-4F32-89DE-4059E5B17764}.Release|Any CPU.ActiveCfg = Release|Any CPU
		{F9BD4191-E8F9-4F32-89DE-4059E5B17764}.Release|Any CPU.Build.0 = Release|Any CPU
		{E673466B-B4B7-4C40-B65D-F79359A73F0C}.Debug|Any CPU.ActiveCfg = Debug|Any CPU
		{E673466B-B4B7-4C40-B65D-F79359A73F0C}.Debug|Any CPU.Build.0 = Debug|Any CPU
		{E673466B-B4B7-4C40-B65D-F79359A73F0C}.Release|Any CPU.ActiveCfg = Release|Any CPU
		{E673466B-B4B7-4C40-B65D-F79359A73F0C}.Release|Any CPU.Build.0 = Release|Any CPU
		{A1BB54F3-7D10-419B-984B-7159579D223E}.Debug|Any CPU.ActiveCfg = Debug|Any CPU
		{A1BB54F3-7D10-419B-984B-7159579D223E}.Debug|Any CPU.Build.0 = Debug|Any CPU
		{A1BB54F3-7D10-419B-984B-7159579D223E}.Release|Any CPU.ActiveCfg = Release|Any CPU
		{A1BB54F3-7D10-419B-984B-7159579D223E}.Release|Any CPU.Build.0 = Release|Any CPU
		{3EDBF6E6-75A5-45ED-839B-D9BA67B2021B}.Debug|Any CPU.ActiveCfg = Debug|Any CPU
		{3EDBF6E6-75A5-45ED-839B-D9BA67B2021B}.Debug|Any CPU.Build.0 = Debug|Any CPU
		{3EDBF6E6-75A5-45ED-839B-D9BA67B2021B}.Release|Any CPU.ActiveCfg = Release|Any CPU
		{3EDBF6E6-75A5-45ED-839B-D9BA67B2021B}.Release|Any CPU.Build.0 = Release|Any CPU
		{06D9C240-8D20-4E4D-998F-D1CD7A11E96C}.Debug|Any CPU.ActiveCfg = Debug|Any CPU
		{06D9C240-8D20-4E4D-998F-D1CD7A11E96C}.Debug|Any CPU.Build.0 = Debug|Any CPU
		{06D9C240-8D20-4E4D-998F-D1CD7A11E96C}.Release|Any CPU.ActiveCfg = Release|Any CPU
		{06D9C240-8D20-4E4D-998F-D1CD7A11E96C}.Release|Any CPU.Build.0 = Release|Any CPU
		{D415AB02-6B66-41CF-9135-30C04E715DE1}.Debug|Any CPU.ActiveCfg = Debug|Any CPU
		{D415AB02-6B66-41CF-9135-30C04E715DE1}.Debug|Any CPU.Build.0 = Debug|Any CPU
		{D415AB02-6B66-41CF-9135-30C04E715DE1}.Release|Any CPU.ActiveCfg = Release|Any CPU
		{D415AB02-6B66-41CF-9135-30C04E715DE1}.Release|Any CPU.Build.0 = Release|Any CPU
	EndGlobalSection
	GlobalSection(SolutionProperties) = preSolution
		HideSolutionNode = FALSE
	EndGlobalSection
	GlobalSection(NestedProjects) = preSolution
		{F9BD4191-E8F9-4F32-89DE-4059E5B17764} = {32381EFA-E438-435B-ADEC-5FB46EF00AB5}
		{E673466B-B4B7-4C40-B65D-F79359A73F0C} = {E707D4C6-4D4F-4B1D-9F42-AEB1FCB72554}
		{A1BB54F3-7D10-419B-984B-7159579D223E} = {E707D4C6-4D4F-4B1D-9F42-AEB1FCB72554}
		{3EDBF6E6-75A5-45ED-839B-D9BA67B2021B} = {F89BA2AD-29B1-44CC-B9BF-7A40CE9CB263}
		{06D9C240-8D20-4E4D-998F-D1CD7A11E96C} = {F89BA2AD-29B1-44CC-B9BF-7A40CE9CB263}
		{D415AB02-6B66-41CF-9135-30C04E715DE1} = {32381EFA-E438-435B-ADEC-5FB46EF00AB5}
	EndGlobalSection
	GlobalSection(ExtensibilityGlobals) = postSolution
		SolutionGuid = {868D84EA-A7C7-455A-9B47-1B14F302A9CC}
	EndGlobalSection
EndGlobal
